
Microsoft Visual Studio Solution File, Format Version 12.00
# Visual Studio Version 17
VisualStudioVersion = 17.8.34330.188
MinimumVisualStudioVersion = 10.0.40219.1
Project("{FAE04EC0-301F-11D3-BF4B-00C04F79EFBC}") = "PrototypePattern", "PrototypePattern.csproj", "{B0DA2889-212E-442E-B7A5-ACDA67FF87EF}"
EndProject
Global
	GlobalSection(SolutionConfigurationPlatforms) = preSolution
		Debug|Any CPU = Debug|Any CPU
		Release|Any CPU = Release|Any CPU
	EndGlobalSection
	GlobalSection(ProjectConfigurationPlatforms) = postSolution
		{B0DA2889-212E-442E-B7A5-ACDA67FF87EF}.Debug|Any CPU.ActiveCfg = Debug|Any CPU
		{B0DA2889-212E-442E-B7A5-ACDA67FF87EF}.Debug|Any CPU.Build.0 = Debug|Any CPU
		{B0DA2889-212E-442E-B7A5-ACDA67FF87EF}.Release|Any CPU.ActiveCfg = Release|Any CPU
		{B0DA2889-212E-442E-B7A5-ACDA67FF87EF}.Release|Any CPU.Build.0 = Release|Any CPU
	EndGlobalSection
	GlobalSection(SolutionProperties) = preSolution
		HideSolutionNode = FALSE
	EndGlobalSection
	GlobalSection(ExtensibilityGlobals) = postSolution
		SolutionGuid = {5929ECD2-6C5C-4987-A1A7-DD2DBF96014F}
	EndGlobalSection
EndGlobal
